// !$*UTF8*$!
{
	archiveVersion = 1;
	classes = {
	};
	objectVersion = 46;
	objects = {

/* Begin PBXBuildFile section */
		73569F791C1C63EE00995141 /* AppDelegate.swift in Sources */ = {isa = PBXBuildFile; fileRef = 73569F781C1C63EE00995141 /* AppDelegate.swift */; };
		73569F7B1C1C63EE00995141 /* Assets.xcassets in Resources */ = {isa = PBXBuildFile; fileRef = 73569F7A1C1C63EE00995141 /* Assets.xcassets */; };
		73569F7E1C1C63EE00995141 /* LaunchScreen.storyboard in Resources */ = {isa = PBXBuildFile; fileRef = 73569F7C1C1C63EE00995141 /* LaunchScreen.storyboard */; };
		73569F891C1C668500995141 /* AGTBook.swift in Sources */ = {isa = PBXBuildFile; fileRef = 73569F881C1C668500995141 /* AGTBook.swift */; };
		73569F8B1C1C681600995141 /* AGTLibrary.swift in Sources */ = {isa = PBXBuildFile; fileRef = 73569F8A1C1C681600995141 /* AGTLibrary.swift */; };
		73569F8D1C1C694900995141 /* AGTTag.swift in Sources */ = {isa = PBXBuildFile; fileRef = 73569F8C1C1C694900995141 /* AGTTag.swift */; };
		736795BA1C1C8CB000EC13E2 /* AGTSimplePDFViewController.swift in Sources */ = {isa = PBXBuildFile; fileRef = 736795B91C1C8CB000EC13E2 /* AGTSimplePDFViewController.swift */; };
		73DB830A1C1C7ED1005F1250 /* Library.storyboard in Resources */ = {isa = PBXBuildFile; fileRef = 73DB83091C1C7ED1005F1250 /* Library.storyboard */; };
		73DB830C1C1C7F9E005F1250 /* AGTLibraryTableViewController.swift in Sources */ = {isa = PBXBuildFile; fileRef = 73DB830B1C1C7F9E005F1250 /* AGTLibraryTableViewController.swift */; };
		73DB830E1C1C7FE3005F1250 /* AGTBookViewController.swift in Sources */ = {isa = PBXBuildFile; fileRef = 73DB830D1C1C7FE3005F1250 /* AGTBookViewController.swift */; };
/* End PBXBuildFile section */

/* Begin PBXFileReference section */
		73569F751C1C63EE00995141 /* HackerBooks.app */ = {isa = PBXFileReference; explicitFileType = wrapper.application; includeInIndex = 0; path = HackerBooks.app; sourceTree = BUILT_PRODUCTS_DIR; };
		73569F781C1C63EE00995141 /* AppDelegate.swift */ = {isa = PBXFileReference; lastKnownFileType = sourcecode.swift; path = AppDelegate.swift; sourceTree = "<group>"; };
		73569F7A1C1C63EE00995141 /* Assets.xcassets */ = {isa = PBXFileReference; lastKnownFileType = folder.assetcatalog; path = Assets.xcassets; sourceTree = "<group>"; };
		73569F7D1C1C63EE00995141 /* Base */ = {isa = PBXFileReference; lastKnownFileType = file.storyboard; name = Base; path = Base.lproj/LaunchScreen.storyboard; sourceTree = "<group>"; };
		73569F7F1C1C63EE00995141 /* Info.plist */ = {isa = PBXFileReference; lastKnownFileType = text.plist.xml; path = Info.plist; sourceTree = "<group>"; };
		73569F881C1C668500995141 /* AGTBook.swift */ = {isa = PBXFileReference; fileEncoding = 4; lastKnownFileType = sourcecode.swift; path = AGTBook.swift; sourceTree = "<group>"; };
		73569F8A1C1C681600995141 /* AGTLibrary.swift */ = {isa = PBXFileReference; fileEncoding = 4; lastKnownFileType = sourcecode.swift; path = AGTLibrary.swift; sourceTree = "<group>"; };
		73569F8C1C1C694900995141 /* AGTTag.swift */ = {isa = PBXFileReference; fileEncoding = 4; lastKnownFileType = sourcecode.swift; path = AGTTag.swift; sourceTree = "<group>"; };
		736795B91C1C8CB000EC13E2 /* AGTSimplePDFViewController.swift */ = {isa = PBXFileReference; fileEncoding = 4; lastKnownFileType = sourcecode.swift; path = AGTSimplePDFViewController.swift; sourceTree = "<group>"; };
		73DB83091C1C7ED1005F1250 /* Library.storyboard */ = {isa = PBXFileReference; fileEncoding = 4; lastKnownFileType = file.storyboard; path = Library.storyboard; sourceTree = "<group>"; };
		73DB830B1C1C7F9E005F1250 /* AGTLibraryTableViewController.swift */ = {isa = PBXFileReference; fileEncoding = 4; lastKnownFileType = sourcecode.swift; path = AGTLibraryTableViewController.swift; sourceTree = "<group>"; };
		73DB830D1C1C7FE3005F1250 /* AGTBookViewController.swift */ = {isa = PBXFileReference; fileEncoding = 4; lastKnownFileType = sourcecode.swift; path = AGTBookViewController.swift; sourceTree = "<group>"; };
/* End PBXFileReference section */

/* Begin PBXFrameworksBuildPhase section */
		73569F721C1C63EE00995141 /* Frameworks */ = {
			isa = PBXFrameworksBuildPhase;
			buildActionMask = 2147483647;
			files = (
			);
			runOnlyForDeploymentPostprocessing = 0;
		};
/* End PBXFrameworksBuildPhase section */

/* Begin PBXGroup section */
		73569F6C1C1C63EE00995141 = {
			isa = PBXGroup;
			children = (
				73569F771C1C63EE00995141 /* HackerBooks */,
				73569F761C1C63EE00995141 /* Products */,
			);
			sourceTree = "<group>";
		};
		73569F761C1C63EE00995141 /* Products */ = {
			isa = PBXGroup;
			children = (
				73569F751C1C63EE00995141 /* HackerBooks.app */,
			);
			name = Products;
			sourceTree = "<group>";
		};
		73569F771C1C63EE00995141 /* HackerBooks */ = {
			isa = PBXGroup;
			children = (
				73569F871C1C661A00995141 /* StoryBoards */,
				73569F861C1C660C00995141 /* Controllers */,
				73569F851C1C660600995141 /* Model */,
				73569F781C1C63EE00995141 /* AppDelegate.swift */,
				73569F7A1C1C63EE00995141 /* Assets.xcassets */,
				73569F7F1C1C63EE00995141 /* Info.plist */,
			);
			path = HackerBooks;
			sourceTree = "<group>";
		};
		73569F851C1C660600995141 /* Model */ = {
			isa = PBXGroup;
			children = (
				73569F881C1C668500995141 /* AGTBook.swift */,
				73569F8A1C1C681600995141 /* AGTLibrary.swift */,
				73569F8C1C1C694900995141 /* AGTTag.swift */,
			);
			name = Model;
			sourceTree = "<group>";
		};
		73569F861C1C660C00995141 /* Controllers */ = {
			isa = PBXGroup;
			children = (
				73DB830B1C1C7F9E005F1250 /* AGTLibraryTableViewController.swift */,
				73DB830D1C1C7FE3005F1250 /* AGTBookViewController.swift */,
				736795B91C1C8CB000EC13E2 /* AGTSimplePDFViewController.swift */,
			);
			name = Controllers;
			sourceTree = "<group>";
		};
		73569F871C1C661A00995141 /* StoryBoards */ = {
			isa = PBXGroup;
			children = (
				73569F7C1C1C63EE00995141 /* LaunchScreen.storyboard */,
				73DB83091C1C7ED1005F1250 /* Library.storyboard */,
			);
			name = StoryBoards;
			sourceTree = "<group>";
		};
/* End PBXGroup section */

/* Begin PBXNativeTarget section */
		73569F741C1C63EE00995141 /* HackerBooks */ = {
			isa = PBXNativeTarget;
			buildConfigurationList = 73569F821C1C63EE00995141 /* Build configuration list for PBXNativeTarget "HackerBooks" */;
			buildPhases = (
				73569F711C1C63EE00995141 /* Sources */,
				73569F721C1C63EE00995141 /* Frameworks */,
				73569F731C1C63EE00995141 /* Resources */,
			);
			buildRules = (
			);
			dependencies = (
			);
			name = HackerBooks;
			productName = HackerBooks;
			productReference = 73569F751C1C63EE00995141 /* HackerBooks.app */;
			productType = "com.apple.product-type.application";
		};
/* End PBXNativeTarget section */

/* Begin PBXProject section */
		73569F6D1C1C63EE00995141 /* Project object */ = {
			isa = PBXProject;
			attributes = {
				LastSwiftUpdateCheck = 0720;
				LastUpgradeCheck = 0720;
				ORGANIZATIONNAME = Idenjoe.es;
				TargetAttributes = {
					73569F741C1C63EE00995141 = {
						CreatedOnToolsVersion = 7.2;
					};
				};
			};
			buildConfigurationList = 73569F701C1C63EE00995141 /* Build configuration list for PBXProject "HackerBooks" */;
			compatibilityVersion = "Xcode 3.2";
			developmentRegion = English;
			hasScannedForEncodings = 0;
			knownRegions = (
				en,
				Base,
			);
			mainGroup = 73569F6C1C1C63EE00995141;
			productRefGroup = 73569F761C1C63EE00995141 /* Products */;
			projectDirPath = "";
			projectRoot = "";
			targets = (
				73569F741C1C63EE00995141 /* HackerBooks */,
			);
		};
/* End PBXProject section */

/* Begin PBXResourcesBuildPhase section */
		73569F731C1C63EE00995141 /* Resources */ = {
			isa = PBXResourcesBuildPhase;
			buildActionMask = 2147483647;
			files = (
				73569F7B1C1C63EE00995141 /* Assets.xcassets in Resources */,
				73DB830A1C1C7ED1005F1250 /* Library.storyboard in Resources */,
				73569F7E1C1C63EE00995141 /* LaunchScreen.storyboard in Resources */,
			);
			runOnlyForDeploymentPostprocessing = 0;
		};
/* End PBXResourcesBuildPhase section */

/* Begin PBXSourcesBuildPhase section */
		73569F711C1C63EE00995141 /* Sources */ = {
			isa = PBXSourcesBuildPhase;
			buildActionMask = 2147483647;
			files = (
				73DB830E1C1C7FE3005F1250 /* AGTBookViewController.swift in Sources */,
				73569F791C1C63EE00995141 /* AppDelegate.swift in Sources */,
				73569F8B1C1C681600995141 /* AGTLibrary.swift in Sources */,
				736795BA1C1C8CB000EC13E2 /* AGTSimplePDFViewController.swift in Sources */,
				73569F891C1C668500995141 /* AGTBook.swift in Sources */,
				73569F8D1C1C694900995141 /* AGTTag.swift in Sources */,
				73DB830C1C1C7F9E005F1250 /* AGTLibraryTableViewController.swift in Sources */,
			);
			runOnlyForDeploymentPostprocessing = 0;
		};
/* End PBXSourcesBuildPhase section */

/* Begin PBXVariantGroup section */
		73569F7C1C1C63EE00995141 /* LaunchScreen.storyboard */ = {
			isa = PBXVariantGroup;
			children = (
				73569F7D1C1C63EE00995141 /* Base */,
			);
			name = LaunchScreen.storyboard;
			sourceTree = "<group>";
		};
/* End PBXVariantGroup section */

/* Begin XCBuildConfiguration section */
		73569F801C1C63EE00995141 /* Debug */ = {
			isa = XCBuildConfiguration;
			buildSettings = {
				ALWAYS_SEARCH_USER_PATHS = NO;
				CLANG_CXX_LANGUAGE_STANDARD = "gnu++0x";
				CLANG_CXX_LIBRARY = "libc++";
				CLANG_ENABLE_MODULES = YES;
				CLANG_ENABLE_OBJC_ARC = YES;
				CLANG_WARN_BOOL_CONVERSION = YES;
				CLANG_WARN_CONSTANT_CONVERSION = YES;
				CLANG_WARN_DIRECT_OBJC_ISA_USAGE = YES_ERROR;
				CLANG_WARN_EMPTY_BODY = YES;
				CLANG_WARN_ENUM_CONVERSION = YES;
				CLANG_WARN_INT_CONVERSION = YES;
				CLANG_WARN_OBJC_ROOT_CLASS = YES_ERROR;
				CLANG_WARN_UNREACHABLE_CODE = YES;
				CLANG_WARN__DUPLICATE_METHOD_MATCH = YES;
				"CODE_SIGN_IDENTITY[sdk=iphoneos*]" = "iPhone Developer";
				COPY_PHASE_STRIP = NO;
				DEBUG_INFORMATION_FORMAT = dwarf;
				ENABLE_STRICT_OBJC_MSGSEND = YES;
				ENABLE_TESTABILITY = YES;
				GCC_C_LANGUAGE_STANDARD = gnu99;
				GCC_DYNAMIC_NO_PIC = NO;
				GCC_NO_COMMON_BLOCKS = YES;
				GCC_OPTIMIZATION_LEVEL = 0;
				GCC_PREPROCESSOR_DEFINITIONS = (
					"DEBUG=1",
					"$(inherited)",
				);
				GCC_WARN_64_TO_32_BIT_CONVERSION = YES;
				GCC_WARN_ABOUT_RETURN_TYPE = YES_ERROR;
				GCC_WARN_UNDECLARED_SELECTOR = YES;
				GCC_WARN_UNINITIALIZED_AUTOS = YES_AGGRESSIVE;
				GCC_WARN_UNUSED_FUNCTION = YES;
				GCC_WARN_UNUSED_VARIABLE = YES;
				IPHONEOS_DEPLOYMENT_TARGET = 9.2;
				MTL_ENABLE_DEBUG_INFO = YES;
				ONLY_ACTIVE_ARCH = YES;
				SDKROOT = iphoneos;
				SWIFT_OPTIMIZATION_LEVEL = "-Onone";
				TARGETED_DEVICE_FAMILY = 2;
			};
			name = Debug;
		};
		73569F811C1C63EE00995141 /* Release */ = {
			isa = XCBuildConfiguration;
			buildSettings = {
				ALWAYS_SEARCH_USER_PATHS = NO;
				CLANG_CXX_LANGUAGE_STANDARD = "gnu++0x";
				CLANG_CXX_LIBRARY = "libc++";
				CLANG_ENABLE_MODULES = YES;
				CLANG_ENABLE_OBJC_ARC = YES;
				CLANG_WARN_BOOL_CONVERSION = YES;
				CLANG_WARN_CONSTANT_CONVERSION = YES;
				CLANG_WARN_DIRECT_OBJC_ISA_USAGE = YES_ERROR;
				CLANG_WARN_EMPTY_BODY = YES;
				CLANG_WARN_ENUM_CONVERSION = YES;
				CLANG_WARN_INT_CONVERSION = YES;
				CLANG_WARN_OBJC_ROOT_CLASS = YES_ERROR;
				CLANG_WARN_UNREACHABLE_CODE = YES;
				CLANG_WARN__DUPLICATE_METHOD_MATCH = YES;
				"CODE_SIGN_IDENTITY[sdk=iphoneos*]" = "iPhone Developer";
				COPY_PHASE_STRIP = NO;
				DEBUG_INFORMATION_FORMAT = "dwarf-with-dsym";
				ENABLE_NS_ASSERTIONS = NO;
				ENABLE_STRICT_OBJC_MSGSEND = YES;
				GCC_C_LANGUAGE_STANDARD = gnu99;
				GCC_NO_COMMON_BLOCKS = YES;
				GCC_WARN_64_TO_32_BIT_CONVERSION = YES;
				GCC_WARN_ABOUT_RETURN_TYPE = YES_ERROR;
				GCC_WARN_UNDECLARED_SELECTOR = YES;
				GCC_WARN_UNINITIALIZED_AUTOS = YES_AGGRESSIVE;
				GCC_WARN_UNUSED_FUNCTION = YES;
				GCC_WARN_UNUSED_VARIABLE = YES;
				IPHONEOS_DEPLOYMENT_TARGET = 9.2;
				MTL_ENABLE_DEBUG_INFO = NO;
				SDKROOT = iphoneos;
				TARGETED_DEVICE_FAMILY = 2;
				VALIDATE_PRODUCT = YES;
			};
			name = Release;
		};
		73569F831C1C63EE00995141 /* Debug */ = {
			isa = XCBuildConfiguration;
			buildSettings = {
				ASSETCATALOG_COMPILER_APPICON_NAME = AppIcon;
				INFOPLIST_FILE = HackerBooks/Info.plist;
				LD_RUNPATH_SEARCH_PATHS = "$(inherited) @executable_path/Frameworks";
				PRODUCT_BUNDLE_IDENTIFIER = es.idenjoe.HackerBooks;
				PRODUCT_NAME = "$(TARGET_NAME)";
				TARGETED_DEVICE_FAMILY = "1,2";
			};
			name = Debug;
		};
		73569F841C1C63EE00995141 /* Release */ = {
			isa = XCBuildConfiguration;
			buildSettings = {
				ASSETCATALOG_COMPILER_APPICON_NAME = AppIcon;
				INFOPLIST_FILE = HackerBooks/Info.plist;
				LD_RUNPATH_SEARCH_PATHS = "$(inherited) @executable_path/Frameworks";
				PRODUCT_BUNDLE_IDENTIFIER = es.idenjoe.HackerBooks;
				PRODUCT_NAME = "$(TARGET_NAME)";
				TARGETED_DEVICE_FAMILY = "1,2";
			};
			name = Release;
		};
/* End XCBuildConfiguration section */

/* Begin XCConfigurationList section */
		73569F701C1C63EE00995141 /* Build configuration list for PBXProject "HackerBooks" */ = {
			isa = XCConfigurationList;
			buildConfigurations = (
				73569F801C1C63EE00995141 /* Debug */,
				73569F811C1C63EE00995141 /* Release */,
			);
			defaultConfigurationIsVisible = 0;
			defaultConfigurationName = Release;
		};
		73569F821C1C63EE00995141 /* Build configuration list for PBXNativeTarget "HackerBooks" */ = {
			isa = XCConfigurationList;
			buildConfigurations = (
				73569F831C1C63EE00995141 /* Debug */,
				73569F841C1C63EE00995141 /* Release */,
			);
			defaultConfigurationIsVisible = 0;
			defaultConfigurationName = Release;
		};
/* End XCConfigurationList section */
	};
	rootObject = 73569F6D1C1C63EE00995141 /* Project object */;
}
